<?xml version="1.0" encoding="utf-8"?>
<Project ToolsVersion="4.0" xmlns="http://schemas.microsoft.com/developer/msbuild/2003">
  <ItemGroup>
    <CudaCompile Include="main2.cu" />
    <CudaCompile Include="CUDADFT.cu">
      <Filter>SignalProcessors\CUDA</Filter>
    </CudaCompile>
    <CudaCompile Include="CUDASignalProcessor.cu">
      <Filter>SignalProcessors\CUDA</Filter>
    </CudaCompile>
    <CudaCompile Include="MultichannelSignalProcessor.cu">
      <Filter>SignalProcessors\obsolete</Filter>
    </CudaCompile>
    <CudaCompile Include="CmplxUtils.cu">
      <Filter>SignalProcessors\utils</Filter>
    </CudaCompile>
    <CudaCompile Include="CUDADFT.cuh">
      <Filter>SignalProcessors\CUDA</Filter>
    </CudaCompile>
    <CudaCompile Include="CUDASignalProcessor.cuh">
      <Filter>SignalProcessors\CUDA</Filter>
    </CudaCompile>
    <CudaCompile Include="CmplxUtils.cuh">
      <Filter>SignalProcessors\utils</Filter>
    </CudaCompile>
    <CudaCompile Include="MultichannelSignalProcessor.cuh">
      <Filter>SignalProcessors\obsolete</Filter>
    </CudaCompile>
    <CudaCompile Include="DSP.h" />
    <CudaCompile Include="DSP.cpp" />
  </ItemGroup>
  <ItemGroup>
    <Filter Include="SignalProcessors">
      <UniqueIdentifier>{3fdbe6c9-91ad-4fd3-acfd-3cab50cdf54a}</UniqueIdentifier>
    </Filter>
    <Filter Include="SignalProcessors\CUDA">
      <UniqueIdentifier>{21f83ecf-3301-44b0-8b6e-79d17b85d624}</UniqueIdentifier>
    </Filter>
    <Filter Include="SignalProcessors\obsolete">
      <UniqueIdentifier>{08e8b336-5d74-404b-a3b2-e02a239bdaa0}</UniqueIdentifier>
    </Filter>
    <Filter Include="SignalProcessors\utils">
      <UniqueIdentifier>{7f58924b-6850-4468-a142-51a613170128}</UniqueIdentifier>
    </Filter>
    <Filter Include="CmdParser">
      <UniqueIdentifier>{3c062c2f-acb6-4adf-bcee-6f882db27caa}</UniqueIdentifier>
    </Filter>
  </ItemGroup>
  <ItemGroup>
    <ClCompile Include="DFT.cpp">
      <Filter>SignalProcessors</Filter>
    </ClCompile>
    <ClCompile Include="FFT.cpp">
      <Filter>SignalProcessors</Filter>
    </ClCompile>
    <ClCompile Include="IFTT.cpp">
      <Filter>SignalProcessors</Filter>
    </ClCompile>
    <ClCompile Include="OutputWriter.cpp">
      <Filter>SignalProcessors</Filter>
    </ClCompile>
    <ClCompile Include="SignalProcessor.cpp">
      <Filter>SignalProcessors</Filter>
    </ClCompile>
    <ClCompile Include="SignalProcessorChain.cpp">
      <Filter>SignalProcessors</Filter>
    </ClCompile>
    <ClCompile Include="ToPolar.cpp">
      <Filter>SignalProcessors</Filter>
    </ClCompile>
    <ClCompile Include="CSVOutputWriter.cpp">
      <Filter>SignalProcessors</Filter>
    </ClCompile>
    <ClCompile Include="Convolver.cpp">
      <Filter>SignalProcessors</Filter>
    </ClCompile>
    <ClCompile Include="WavOutputWriter.cpp">
      <Filter>SignalProcessors</Filter>
    </ClCompile>
  </ItemGroup>
  <ItemGroup>
    <ClInclude Include="DFT.h">
      <Filter>SignalProcessors</Filter>
    </ClInclude>
    <ClInclude Include="FFT.h">
      <Filter>SignalProcessors</Filter>
    </ClInclude>
    <ClInclude Include="IFTT.h">
      <Filter>SignalProcessors</Filter>
    </ClInclude>
    <ClInclude Include="OutputWriter.h">
      <Filter>SignalProcessors</Filter>
    </ClInclude>
    <ClInclude Include="SignalProcessor.h">
      <Filter>SignalProcessors</Filter>
    </ClInclude>
    <ClInclude Include="SignalProcessorChain.h">
      <Filter>SignalProcessors</Filter>
    </ClInclude>
    <ClInclude Include="ToPolar.h">
      <Filter>SignalProcessors</Filter>
    </ClInclude>
    <ClInclude Include="CSVOutputWriter.h">
      <Filter>SignalProcessors</Filter>
    </ClInclude>
    <ClInclude Include="Convolver.h">
      <Filter>SignalProcessors</Filter>
    </ClInclude>
    <ClInclude Include="WavOutputWriter.h">
      <Filter>SignalProcessors</Filter>
    </ClInclude>
    <ClInclude Include="CmdParser.h">
      <Filter>CmdParser</Filter>
    </ClInclude>
  </ItemGroup>
</Project>